GIT
  remote: https://github.com/noxdea/iklil.git
  revision: 35860abc236713bfbd82bf853869bc7899df5308
  tag: v0.1.0
  specs:
    iklil (0.1.0)

GIT
  remote: https://github.com/noxdea/jabbah.git
  revision: baee970e82044152711d847b7113ecbbb0b99045
  tag: v0.1.0
  specs:
    jabbah (0.1.0)

GIT
  remote: https://github.com/noxdea/ukdah.git
  revision: e327f1610a47b3118b98674715e10fac50a5c076
  tag: v0.1.0
  specs:
    ukdah (0.1.0)

PATH
  remote: .
  specs:
    dubhe (0.1.0)
      base64 (~> 0.2)
      cgi (~> 0.4)
      iklil (~> 0.1)
      jabbah (~> 0.1)
      rexml (~> 3.4)
      ukdah (~> 0.1)

GEM
  remote: https://rubygems.org/
  specs:
    base64 (0.3.0)
    cgi (0.5.2)
    drb (2.2.3)
    minitest (6.0.6)
      drb (~> 2.0)
      prism (~> 1.5)
    prism (1.9.0)
    rake (13.4.2)
    rexml (3.4.4)

PLATFORMS
  arm64-darwin-25
  ruby

DEPENDENCIES
  dubhe!
  iklil!
  jabbah!
  minitest (~> 6.0)
  rake (~> 13.0)
  ukdah!

CHECKSUMS
  base64 (0.3.0) sha256=27337aeabad6ffae05c265c450490628ef3ebd4b67be58257393227588f5a97b
  bundler (4.0.19) sha256=b48056e4c77fb3853cc47775b5447ede44aaa4f53c32f168014ab4fe86587d47
  cgi (0.5.2) sha256=61ca30298171190fd4fa0d8018e57ada456eae9b7a2b78526debf7f0a0e6f8bb
  drb (2.2.3) sha256=0b00d6fdb50995fe4a45dea13663493c841112e4068656854646f418fda13373
  dubhe (0.1.0)
  iklil (0.1.0)
  jabbah (0.1.0)
  minitest (6.0.6) sha256=153ea36d1d987a62942382b61075745042a2b3123b1cd48f4c3675af9cc7d6f1
  prism (1.9.0) sha256=7b530c6a9f92c24300014919c9dcbc055bf4cdf51ec30aed099b06cd6674ef85
  rake (13.4.2) sha256=cb825b2bd5f1f8e91ca37bddb4b9aaf345551b4731da62949be002fa89283701
  rexml (3.4.4) sha256=19e0a2c3425dfbf2d4fc1189747bdb2f849b6c5e74180401b15734bc97b5d142
  ukdah (0.1.0)

BUNDLED WITH
  4.0.19
